
Microsoft Visual Studio Solution File, Format Version 12.00
# Visual Studio Version 17
VisualStudioVersion = 17.13.35825.156 d17.13
MinimumVisualStudioVersion = 10.0.40219.1
Project("{54A90642-561A-4BB1-A94E-469ADEE60C69}") = "astronomystellarmapscreator.client", "astronomystellarmapscreator.client\astronomystellarmapscreator.client.esproj", "{D804D446-45FB-424D-8F0F-B4DFC7277758}"
EndProject
Project("{FAE04EC0-301F-11D3-BF4B-00C04F79EFBC}") = "AstronomyStellarMapsCreator.Server", "AstronomyStellarMapsCreator.Server\AstronomyStellarMapsCreator.Server.csproj", "{DB54EE10-60DE-44CA-B142-CBF5AFD76846}"
EndProject
Global
	GlobalSection(SolutionConfigurationPlatforms) = preSolution
		Debug|Any CPU = Debug|Any CPU
		Release|Any CPU = Release|Any CPU
	EndGlobalSection
	GlobalSection(ProjectConfigurationPlatforms) = postSolution
		{D804D446-45FB-424D-8F0F-B4DFC7277758}.Debug|Any CPU.ActiveCfg = Debug|Any CPU
		{D804D446-45FB-424D-8F0F-B4DFC7277758}.Debug|Any CPU.Build.0 = Debug|Any CPU
		{D804D446-45FB-424D-8F0F-B4DFC7277758}.Debug|Any CPU.Deploy.0 = Debug|Any CPU
		{D804D446-45FB-424D-8F0F-B4DFC7277758}.Release|Any CPU.ActiveCfg = Release|Any CPU
		{D804D446-45FB-424D-8F0F-B4DFC7277758}.Release|Any CPU.Build.0 = Release|Any CPU
		{D804D446-45FB-424D-8F0F-B4DFC7277758}.Release|Any CPU.Deploy.0 = Release|Any CPU
		{DB54EE10-60DE-44CA-B142-CBF5AFD76846}.Debug|Any CPU.ActiveCfg = Debug|Any CPU
		{DB54EE10-60DE-44CA-B142-CBF5AFD76846}.Debug|Any CPU.Build.0 = Debug|Any CPU
		{DB54EE10-60DE-44CA-B142-CBF5AFD76846}.Release|Any CPU.ActiveCfg = Release|Any CPU
		{DB54EE10-60DE-44CA-B142-CBF5AFD76846}.Release|Any CPU.Build.0 = Release|Any CPU
	EndGlobalSection
	GlobalSection(SolutionProperties) = preSolution
		HideSolutionNode = FALSE
	EndGlobalSection
	GlobalSection(ExtensibilityGlobals) = postSolution
		SolutionGuid = {CA95C477-0A25-4208-8607-92799496CC02}
	EndGlobalSection
EndGlobal
